
Microsoft Visual Studio Solution File, Format Version 12.00
# Visual Studio Version 16
VisualStudioVersion = 16.0.29326.143
MinimumVisualStudioVersion = 10.0.40219.1
Project("{FAE04EC0-301F-11D3-BF4B-00C04F79EFBC}") = "GrpcGreeter", "GrpcGreeter.csproj", "{82AB2CBA-63F4-49A9-AD69-EEDF2D2A5D6C}"
EndProject
Global
	GlobalSection(SolutionConfigurationPlatforms) = preSolution
		Debug|Any CPU = Debug|Any CPU
		Release|Any CPU = Release|Any CPU
	EndGlobalSection
	GlobalSection(ProjectConfigurationPlatforms) = postSolution
		{82AB2CBA-63F4-49A9-AD69-EEDF2D2A5D6C}.Debug|Any CPU.ActiveCfg = Debug|Any CPU
		{82AB2CBA-63F4-49A9-AD69-EEDF2D2A5D6C}.Debug|Any CPU.Build.0 = Debug|Any CPU
		{82AB2CBA-63F4-49A9-AD69-EEDF2D2A5D6C}.Release|Any CPU.ActiveCfg = Release|Any CPU
		{82AB2CBA-63F4-49A9-AD69-EEDF2D2A5D6C}.Release|Any CPU.Build.0 = Release|Any CPU
	EndGlobalSection
	GlobalSection(SolutionProperties) = preSolution
		HideSolutionNode = FALSE
	EndGlobalSection
	GlobalSection(ExtensibilityGlobals) = postSolution
		SolutionGuid = {44FB9873-03D3-4A25-A73D-D8F5E56EEEF6}
	EndGlobalSection
EndGlobal
